
Microsoft Visual Studio Solution File, Format Version 12.00
# Visual Studio Version 17
VisualStudioVersion = 17.12.35707.178
MinimumVisualStudioVersion = 10.0.40219.1
Project("{FAE04EC0-301F-11D3-BF4B-00C04F79EFBC}") = "10-poo#1", "10-poo\10-poo#1.csproj", "{5973DB10-3404-4D87-A219-F506724A1703}"
EndProject
Project("{FAE04EC0-301F-11D3-BF4B-00C04F79EFBC}") = "10-poo#2", "10-poo#2\10-poo#2.csproj", "{4EA3690E-F7C4-4E0D-B7C8-8F651E315E22}"
EndProject
Project("{FAE04EC0-301F-11D3-BF4B-00C04F79EFBC}") = "10-poo#3", "10-poo#3\10-poo#3.csproj", "{7D6875FD-0FEC-47A2-AFC5-FAA12AFA1F88}"
EndProject
Project("{FAE04EC0-301F-11D3-BF4B-00C04F79EFBC}") = "10-poo#4", "10-poo#4\10-poo#4.csproj", "{2F37F171-B0D1-409B-84C6-8F8F0A7E9A44}"
EndProject
Project("{FAE04EC0-301F-11D3-BF4B-00C04F79EFBC}") = "10-poo#5", "10-poo#5\10-poo#5.csproj", "{17BECD46-ED64-45CD-9BA2-199832671F89}"
EndProject
Project("{FAE04EC0-301F-11D3-BF4B-00C04F79EFBC}") = "11-poo#1", "11-poo#1\11-poo#1.csproj", "{3614C7A8-AC5B-45B3-AF26-6C72D20E1A6A}"
EndProject
Project("{FAE04EC0-301F-11D3-BF4B-00C04F79EFBC}") = "11-poo#2", "11-poo#2\11-poo#2.csproj", "{63C48277-FA7F-46FB-BEBE-389EF6C5AFD9}"
EndProject
Project("{FAE04EC0-301F-11D3-BF4B-00C04F79EFBC}") = "11-poo#3", "11-poo#3\11-poo#3.csproj", "{A7E5D72D-9F0B-45D1-A08C-CBB93B85732B}"
EndProject
Project("{FAE04EC0-301F-11D3-BF4B-00C04F79EFBC}") = "11-poo#4", "11-poo#4\11-poo#4.csproj", "{88EDFA6E-3A27-4228-A927-0002552E63F5}"
EndProject
Project("{FAE04EC0-301F-11D3-BF4B-00C04F79EFBC}") = "11-poo#5", "11-poo#5\11-poo#5.csproj", "{F973BDC2-761D-4121-9A66-0970EA9F81C9}"
EndProject
Project("{FAE04EC0-301F-11D3-BF4B-00C04F79EFBC}") = "11-poo#6", "11-poo#6\11-poo#6.csproj", "{AD1C50AB-315A-4EDE-BAB6-971EC8F7D00F}"
EndProject
Project("{FAE04EC0-301F-11D3-BF4B-00C04F79EFBC}") = "11-poo#7", "11-poo#7\11-poo#7.csproj", "{B75CAC12-C4C9-4F77-A501-103EA179059F}"
EndProject
Project("{FAE04EC0-301F-11D3-BF4B-00C04F79EFBC}") = "11-poo#8", "11-poo#8\11-poo#8.csproj", "{2FACDA86-A0CE-4DD6-9B91-2ECE0336D40F}"
EndProject
Project("{FAE04EC0-301F-11D3-BF4B-00C04F79EFBC}") = "11-poo#9", "11-poo#9\11-poo#9.csproj", "{686B67BB-9496-4ECA-ABCB-026D4C8D0270}"
EndProject
Project("{FAE04EC0-301F-11D3-BF4B-00C04F79EFBC}") = "11-poo#10", "11-poo#10\11-poo#10.csproj", "{00588851-6636-445B-9CBE-E552ECE8C1A6}"
EndProject
Project("{FAE04EC0-301F-11D3-BF4B-00C04F79EFBC}") = "11-poo#desafio", "11-poo#desafio\11-poo#desafio.csproj", "{97FE4037-F990-4FB4-91EA-E8EA3B6CA78C}"
EndProject
Global
	GlobalSection(SolutionConfigurationPlatforms) = preSolution
		Debug|Any CPU = Debug|Any CPU
		Release|Any CPU = Release|Any CPU
	EndGlobalSection
	GlobalSection(ProjectConfigurationPlatforms) = postSolution
		{5973DB10-3404-4D87-A219-F506724A1703}.Debug|Any CPU.ActiveCfg = Debug|Any CPU
		{5973DB10-3404-4D87-A219-F506724A1703}.Debug|Any CPU.Build.0 = Debug|Any CPU
		{5973DB10-3404-4D87-A219-F506724A1703}.Release|Any CPU.ActiveCfg = Release|Any CPU
		{5973DB10-3404-4D87-A219-F506724A1703}.Release|Any CPU.Build.0 = Release|Any CPU
		{4EA3690E-F7C4-4E0D-B7C8-8F651E315E22}.Debug|Any CPU.ActiveCfg = Debug|Any CPU
		{4EA3690E-F7C4-4E0D-B7C8-8F651E315E22}.Debug|Any CPU.Build.0 = Debug|Any CPU
		{4EA3690E-F7C4-4E0D-B7C8-8F651E315E22}.Release|Any CPU.ActiveCfg = Release|Any CPU
		{4EA3690E-F7C4-4E0D-B7C8-8F651E315E22}.Release|Any CPU.Build.0 = Release|Any CPU
		{7D6875FD-0FEC-47A2-AFC5-FAA12AFA1F88}.Debug|Any CPU.ActiveCfg = Debug|Any CPU
		{7D6875FD-0FEC-47A2-AFC5-FAA12AFA1F88}.Debug|Any CPU.Build.0 = Debug|Any CPU
		{7D6875FD-0FEC-47A2-AFC5-FAA12AFA1F88}.Release|Any CPU.ActiveCfg = Release|Any CPU
		{7D6875FD-0FEC-47A2-AFC5-FAA12AFA1F88}.Release|Any CPU.Build.0 = Release|Any CPU
		{2F37F171-B0D1-409B-84C6-8F8F0A7E9A44}.Debug|Any CPU.ActiveCfg = Debug|Any CPU
		{2F37F171-B0D1-409B-84C6-8F8F0A7E9A44}.Debug|Any CPU.Build.0 = Debug|Any CPU
		{2F37F171-B0D1-409B-84C6-8F8F0A7E9A44}.Release|Any CPU.ActiveCfg = Release|Any CPU
		{2F37F171-B0D1-409B-84C6-8F8F0A7E9A44}.Release|Any CPU.Build.0 = Release|Any CPU
		{17BECD46-ED64-45CD-9BA2-199832671F89}.Debug|Any CPU.ActiveCfg = Debug|Any CPU
		{17BECD46-ED64-45CD-9BA2-199832671F89}.Debug|Any CPU.Build.0 = Debug|Any CPU
		{17BECD46-ED64-45CD-9BA2-199832671F89}.Release|Any CPU.ActiveCfg = Release|Any CPU
		{17BECD46-ED64-45CD-9BA2-199832671F89}.Release|Any CPU.Build.0 = Release|Any CPU
		{3614C7A8-AC5B-45B3-AF26-6C72D20E1A6A}.Debug|Any CPU.ActiveCfg = Debug|Any CPU
		{3614C7A8-AC5B-45B3-AF26-6C72D20E1A6A}.Debug|Any CPU.Build.0 = Debug|Any CPU
		{3614C7A8-AC5B-45B3-AF26-6C72D20E1A6A}.Release|Any CPU.ActiveCfg = Release|Any CPU
		{3614C7A8-AC5B-45B3-AF26-6C72D20E1A6A}.Release|Any CPU.Build.0 = Release|Any CPU
		{63C48277-FA7F-46FB-BEBE-389EF6C5AFD9}.Debug|Any CPU.ActiveCfg = Debug|Any CPU
		{63C48277-FA7F-46FB-BEBE-389EF6C5AFD9}.Debug|Any CPU.Build.0 = Debug|Any CPU
		{63C48277-FA7F-46FB-BEBE-389EF6C5AFD9}.Release|Any CPU.ActiveCfg = Release|Any CPU
		{63C48277-FA7F-46FB-BEBE-389EF6C5AFD9}.Release|Any CPU.Build.0 = Release|Any CPU
		{A7E5D72D-9F0B-45D1-A08C-CBB93B85732B}.Debug|Any CPU.ActiveCfg = Debug|Any CPU
		{A7E5D72D-9F0B-45D1-A08C-CBB93B85732B}.Debug|Any CPU.Build.0 = Debug|Any CPU
		{A7E5D72D-9F0B-45D1-A08C-CBB93B85732B}.Release|Any CPU.ActiveCfg = Release|Any CPU
		{A7E5D72D-9F0B-45D1-A08C-CBB93B85732B}.Release|Any CPU.Build.0 = Release|Any CPU
		{88EDFA6E-3A27-4228-A927-0002552E63F5}.Debug|Any CPU.ActiveCfg = Debug|Any CPU
		{88EDFA6E-3A27-4228-A927-0002552E63F5}.Debug|Any CPU.Build.0 = Debug|Any CPU
		{88EDFA6E-3A27-4228-A927-0002552E63F5}.Release|Any CPU.ActiveCfg = Release|Any CPU
		{88EDFA6E-3A27-4228-A927-0002552E63F5}.Release|Any CPU.Build.0 = Release|Any CPU
		{F973BDC2-761D-4121-9A66-0970EA9F81C9}.Debug|Any CPU.ActiveCfg = Debug|Any CPU
		{F973BDC2-761D-4121-9A66-0970EA9F81C9}.Debug|Any CPU.Build.0 = Debug|Any CPU
		{F973BDC2-761D-4121-9A66-0970EA9F81C9}.Release|Any CPU.ActiveCfg = Release|Any CPU
		{F973BDC2-761D-4121-9A66-0970EA9F81C9}.Release|Any CPU.Build.0 = Release|Any CPU
		{AD1C50AB-315A-4EDE-BAB6-971EC8F7D00F}.Debug|Any CPU.ActiveCfg = Debug|Any CPU
		{AD1C50AB-315A-4EDE-BAB6-971EC8F7D00F}.Debug|Any CPU.Build.0 = Debug|Any CPU
		{AD1C50AB-315A-4EDE-BAB6-971EC8F7D00F}.Release|Any CPU.ActiveCfg = Release|Any CPU
		{AD1C50AB-315A-4EDE-BAB6-971EC8F7D00F}.Release|Any CPU.Build.0 = Release|Any CPU
		{B75CAC12-C4C9-4F77-A501-103EA179059F}.Debug|Any CPU.ActiveCfg = Debug|Any CPU
		{B75CAC12-C4C9-4F77-A501-103EA179059F}.Debug|Any CPU.Build.0 = Debug|Any CPU
		{B75CAC12-C4C9-4F77-A501-103EA179059F}.Release|Any CPU.ActiveCfg = Release|Any CPU
		{B75CAC12-C4C9-4F77-A501-103EA179059F}.Release|Any CPU.Build.0 = Release|Any CPU
		{2FACDA86-A0CE-4DD6-9B91-2ECE0336D40F}.Debug|Any CPU.ActiveCfg = Debug|Any CPU
		{2FACDA86-A0CE-4DD6-9B91-2ECE0336D40F}.Debug|Any CPU.Build.0 = Debug|Any CPU
		{2FACDA86-A0CE-4DD6-9B91-2ECE0336D40F}.Release|Any CPU.ActiveCfg = Release|Any CPU
		{2FACDA86-A0CE-4DD6-9B91-2ECE0336D40F}.Release|Any CPU.Build.0 = Release|Any CPU
		{686B67BB-9496-4ECA-ABCB-026D4C8D0270}.Debug|Any CPU.ActiveCfg = Debug|Any CPU
		{686B67BB-9496-4ECA-ABCB-026D4C8D0270}.Debug|Any CPU.Build.0 = Debug|Any CPU
		{686B67BB-9496-4ECA-ABCB-026D4C8D0270}.Release|Any CPU.ActiveCfg = Release|Any CPU
		{686B67BB-9496-4ECA-ABCB-026D4C8D0270}.Release|Any CPU.Build.0 = Release|Any CPU
		{00588851-6636-445B-9CBE-E552ECE8C1A6}.Debug|Any CPU.ActiveCfg = Debug|Any CPU
		{00588851-6636-445B-9CBE-E552ECE8C1A6}.Debug|Any CPU.Build.0 = Debug|Any CPU
		{00588851-6636-445B-9CBE-E552ECE8C1A6}.Release|Any CPU.ActiveCfg = Release|Any CPU
		{00588851-6636-445B-9CBE-E552ECE8C1A6}.Release|Any CPU.Build.0 = Release|Any CPU
		{97FE4037-F990-4FB4-91EA-E8EA3B6CA78C}.Debug|Any CPU.ActiveCfg = Debug|Any CPU
		{97FE4037-F990-4FB4-91EA-E8EA3B6CA78C}.Debug|Any CPU.Build.0 = Debug|Any CPU
		{97FE4037-F990-4FB4-91EA-E8EA3B6CA78C}.Release|Any CPU.ActiveCfg = Release|Any CPU
		{97FE4037-F990-4FB4-91EA-E8EA3B6CA78C}.Release|Any CPU.Build.0 = Release|Any CPU
	EndGlobalSection
	GlobalSection(SolutionProperties) = preSolution
		HideSolutionNode = FALSE
	EndGlobalSection
EndGlobal
